// !$*UTF8*$!
{
	archiveVersion = 1;
	classes = {
	};
	objectVersion = 48;
	objects = {

/* Begin PBXBuildFile section */
		63ECD2591FD65F6200C47047 /* AppDelegate.swift in Sources */ = {isa = PBXBuildFile; fileRef = 63ECD2581FD65F6200C47047 /* AppDelegate.swift */; };
		63ECD25B1FD65F6200C47047 /* ViewController.swift in Sources */ = {isa = PBXBuildFile; fileRef = 63ECD25A1FD65F6200C47047 /* ViewController.swift */; };
		63ECD25E1FD65F6200C47047 /* Main.storyboard in Resources */ = {isa = PBXBuildFile; fileRef = 63ECD25C1FD65F6200C47047 /* Main.storyboard */; };
		63ECD2601FD65F6200C47047 /* Assets.xcassets in Resources */ = {isa = PBXBuildFile; fileRef = 63ECD25F1FD65F6200C47047 /* Assets.xcassets */; };
		63ECD2631FD65F6200C47047 /* LaunchScreen.storyboard in Resources */ = {isa = PBXBuildFile; fileRef = 63ECD2611FD65F6200C47047 /* LaunchScreen.storyboard */; };
		63ECD26E1FD65F6200C47047 /* AR_DrawingTests.swift in Sources */ = {isa = PBXBuildFile; fileRef = 63ECD26D1FD65F6200C47047 /* AR_DrawingTests.swift */; };
		63ECD2791FD65F6200C47047 /* AR_DrawingUITests.swift in Sources */ = {isa = PBXBuildFile; fileRef = 63ECD2781FD65F6200C47047 /* AR_DrawingUITests.swift */; };
/* End PBXBuildFile section */

/* Begin PBXContainerItemProxy section */
		63ECD26A1FD65F6200C47047 /* PBXContainerItemProxy */ = {
			isa = PBXContainerItemProxy;
			containerPortal = 63ECD24D1FD65F6200C47047 /* Project object */;
			proxyType = 1;
			remoteGlobalIDString = 63ECD2541FD65F6200C47047;
			remoteInfo = AR_Drawing;
		};
		63ECD2751FD65F6200C47047 /* PBXContainerItemProxy */ = {
			isa = PBXContainerItemProxy;
			containerPortal = 63ECD24D1FD65F6200C47047 /* Project object */;
			proxyType = 1;
			remoteGlobalIDString = 63ECD2541FD65F6200C47047;
			remoteInfo = AR_Drawing;
		};
/* End PBXContainerItemProxy section */

/* Begin PBXFileReference section */
		63ECD2551FD65F6200C47047 /* AR_Drawing.app */ = {isa = PBXFileReference; explicitFileType = wrapper.application; includeInIndex = 0; path = AR_Drawing.app; sourceTree = BUILT_PRODUCTS_DIR; };
		63ECD2581FD65F6200C47047 /* AppDelegate.swift */ = {isa = PBXFileReference; lastKnownFileType = sourcecode.swift; path = AppDelegate.swift; sourceTree = "<group>"; };
		63ECD25A1FD65F6200C47047 /* ViewController.swift */ = {isa = PBXFileReference; lastKnownFileType = sourcecode.swift; path = ViewController.swift; sourceTree = "<group>"; };
		63ECD25D1FD65F6200C47047 /* Base */ = {isa = PBXFileReference; lastKnownFileType = file.storyboard; name = Base; path = Base.lproj/Main.storyboard; sourceTree = "<group>"; };
		63ECD25F1FD65F6200C47047 /* Assets.xcassets */ = {isa = PBXFileReference; lastKnownFileType = folder.assetcatalog; path = Assets.xcassets; sourceTree = "<group>"; };
		63ECD2621FD65F6200C47047 /* Base */ = {isa = PBXFileReference; lastKnownFileType = file.storyboard; name = Base; path = Base.lproj/LaunchScreen.storyboard; sourceTree = "<group>"; };
		63ECD2641FD65F6200C47047 /* Info.plist */ = {isa = PBXFileReference; lastKnownFileType = text.plist.xml; path = Info.plist; sourceTree = "<group>"; };
		63ECD2691FD65F6200C47047 /* AR_DrawingTests.xctest */ = {isa = PBXFileReference; explicitFileType = wrapper.cfbundle; includeInIndex = 0; path = AR_DrawingTests.xctest; sourceTree = BUILT_PRODUCTS_DIR; };
		63ECD26D1FD65F6200C47047 /* AR_DrawingTests.swift */ = {isa = PBXFileReference; lastKnownFileType = sourcecode.swift; path = AR_DrawingTests.swift; sourceTree = "<group>"; };
		63ECD26F1FD65F6200C47047 /* Info.plist */ = {isa = PBXFileReference; lastKnownFileType = text.plist.xml; path = Info.plist; sourceTree = "<group>"; };
		63ECD2741FD65F6200C47047 /* AR_DrawingUITests.xctest */ = {isa = PBXFileReference; explicitFileType = wrapper.cfbundle; includeInIndex = 0; path = AR_DrawingUITests.xctest; sourceTree = BUILT_PRODUCTS_DIR; };
		63ECD2781FD65F6200C47047 /* AR_DrawingUITests.swift */ = {isa = PBXFileReference; lastKnownFileType = sourcecode.swift; path = AR_DrawingUITests.swift; sourceTree = "<group>"; };
		63ECD27A1FD65F6200C47047 /* Info.plist */ = {isa = PBXFileReference; lastKnownFileType = text.plist.xml; path = Info.plist; sourceTree = "<group>"; };
/* End PBXFileReference section */

/* Begin PBXFrameworksBuildPhase section */
		63ECD2521FD65F6200C47047 /* Frameworks */ = {
			isa = PBXFrameworksBuildPhase;
			buildActionMask = 2147483647;
			files = (
			);
			runOnlyForDeploymentPostprocessing = 0;
		};
		63ECD2661FD65F6200C47047 /* Frameworks */ = {
			isa = PBXFrameworksBuildPhase;
			buildActionMask = 2147483647;
			files = (
			);
			runOnlyForDeploymentPostprocessing = 0;
		};
		63ECD2711FD65F6200C47047 /* Frameworks */ = {
			isa = PBXFrameworksBuildPhase;
			buildActionMask = 2147483647;
			files = (
			);
			runOnlyForDeploymentPostprocessing = 0;
		};
/* End PBXFrameworksBuildPhase section */

/* Begin PBXGroup section */
		63ECD24C1FD65F6200C47047 = {
			isa = PBXGroup;
			children = (
				63ECD2571FD65F6200C47047 /* AR_Drawing */,
				63ECD26C1FD65F6200C47047 /* AR_DrawingTests */,
				63ECD2771FD65F6200C47047 /* AR_DrawingUITests */,
				63ECD2561FD65F6200C47047 /* Products */,
			);
			sourceTree = "<group>";
		};
		63ECD2561FD65F6200C47047 /* Products */ = {
			isa = PBXGroup;
			children = (
				63ECD2551FD65F6200C47047 /* AR_Drawing.app */,
				63ECD2691FD65F6200C47047 /* AR_DrawingTests.xctest */,
				63ECD2741FD65F6200C47047 /* AR_DrawingUITests.xctest */,
			);
			name = Products;
			sourceTree = "<group>";
		};
		63ECD2571FD65F6200C47047 /* AR_Drawing */ = {
			isa = PBXGroup;
			children = (
				63ECD2581FD65F6200C47047 /* AppDelegate.swift */,
				63ECD25A1FD65F6200C47047 /* ViewController.swift */,
				63ECD25C1FD65F6200C47047 /* Main.storyboard */,
				63ECD25F1FD65F6200C47047 /* Assets.xcassets */,
				63ECD2611FD65F6200C47047 /* LaunchScreen.storyboard */,
				63ECD2641FD65F6200C47047 /* Info.plist */,
			);
			path = AR_Drawing;
			sourceTree = "<group>";
		};
		63ECD26C1FD65F6200C47047 /* AR_DrawingTests */ = {
			isa = PBXGroup;
			children = (
				63ECD26D1FD65F6200C47047 /* AR_DrawingTests.swift */,
				63ECD26F1FD65F6200C47047 /* Info.plist */,
			);
			path = AR_DrawingTests;
			sourceTree = "<group>";
		};
		63ECD2771FD65F6200C47047 /* AR_DrawingUITests */ = {
			isa = PBXGroup;
			children = (
				63ECD2781FD65F6200C47047 /* AR_DrawingUITests.swift */,
				63ECD27A1FD65F6200C47047 /* Info.plist */,
			);
			path = AR_DrawingUITests;
			sourceTree = "<group>";
		};
/* End PBXGroup section */

/* Begin PBXNativeTarget section */
		63ECD2541FD65F6200C47047 /* AR_Drawing */ = {
			isa = PBXNativeTarget;
			buildConfigurationList = 63ECD27D1FD65F6200C47047 /* Build configuration list for PBXNativeTarget "AR_Drawing" */;
			buildPhases = (
				63ECD2511FD65F6200C47047 /* Sources */,
				63ECD2521FD65F6200C47047 /* Frameworks */,
				63ECD2531FD65F6200C47047 /* Resources */,
			);
			buildRules = (
			);
			dependencies = (
			);
			name = AR_Drawing;
			productName = AR_Drawing;
			productReference = 63ECD2551FD65F6200C47047 /* AR_Drawing.app */;
			productType = "com.apple.product-type.application";
		};
		63ECD2681FD65F6200C47047 /* AR_DrawingTests */ = {
			isa = PBXNativeTarget;
			buildConfigurationList = 63ECD2801FD65F6200C47047 /* Build configuration list for PBXNativeTarget "AR_DrawingTests" */;
			buildPhases = (
				63ECD2651FD65F6200C47047 /* Sources */,
				63ECD2661FD65F6200C47047 /* Frameworks */,
				63ECD2671FD65F6200C47047 /* Resources */,
			);
			buildRules = (
			);
			dependencies = (
				63ECD26B1FD65F6200C47047 /* PBXTargetDependency */,
			);
			name = AR_DrawingTests;
			productName = AR_DrawingTests;
			productReference = 63ECD2691FD65F6200C47047 /* AR_DrawingTests.xctest */;
			productType = "com.apple.product-type.bundle.unit-test";
		};
		63ECD2731FD65F6200C47047 /* AR_DrawingUITests */ = {
			isa = PBXNativeTarget;
			buildConfigurationList = 63ECD2831FD65F6200C47047 /* Build configuration list for PBXNativeTarget "AR_DrawingUITests" */;
			buildPhases = (
				63ECD2701FD65F6200C47047 /* Sources */,
				63ECD2711FD65F6200C47047 /* Frameworks */,
				63ECD2721FD65F6200C47047 /* Resources */,
			);
			buildRules = (
			);
			dependencies = (
				63ECD2761FD65F6200C47047 /* PBXTargetDependency */,
			);
			name = AR_DrawingUITests;
			productName = AR_DrawingUITests;
			productReference = 63ECD2741FD65F6200C47047 /* AR_DrawingUITests.xctest */;
			productType = "com.apple.product-type.bundle.ui-testing";
		};
/* End PBXNativeTarget section */

/* Begin PBXProject section */
		63ECD24D1FD65F6200C47047 /* Project object */ = {
			isa = PBXProject;
			attributes = {
				LastSwiftUpdateCheck = 0910;
				LastUpgradeCheck = 0910;
				ORGANIZATIONNAME = "Mac User";
				TargetAttributes = {
					63ECD2541FD65F6200C47047 = {
						CreatedOnToolsVersion = 9.1;
						ProvisioningStyle = Automatic;
					};
					63ECD2681FD65F6200C47047 = {
						CreatedOnToolsVersion = 9.1;
						ProvisioningStyle = Automatic;
						TestTargetID = 63ECD2541FD65F6200C47047;
					};
					63ECD2731FD65F6200C47047 = {
						CreatedOnToolsVersion = 9.1;
						ProvisioningStyle = Automatic;
						TestTargetID = 63ECD2541FD65F6200C47047;
					};
				};
			};
			buildConfigurationList = 63ECD2501FD65F6200C47047 /* Build configuration list for PBXProject "AR_Drawing" */;
			compatibilityVersion = "Xcode 8.0";
			developmentRegion = en;
			hasScannedForEncodings = 0;
			knownRegions = (
				en,
				Base,
			);
			mainGroup = 63ECD24C1FD65F6200C47047;
			productRefGroup = 63ECD2561FD65F6200C47047 /* Products */;
			projectDirPath = "";
			projectRoot = "";
			targets = (
				63ECD2541FD65F6200C47047 /* AR_Drawing */,
				63ECD2681FD65F6200C47047 /* AR_DrawingTests */,
				63ECD2731FD65F6200C47047 /* AR_DrawingUITests */,
			);
		};
/* End PBXProject section */

/* Begin PBXResourcesBuildPhase section */
		63ECD2531FD65F6200C47047 /* Resources */ = {
			isa = PBXResourcesBuildPhase;
			buildActionMask = 2147483647;
			files = (
				63ECD2631FD65F6200C47047 /* LaunchScreen.storyboard in Resources */,
				63ECD2601FD65F6200C47047 /* Assets.xcassets in Resources */,
				63ECD25E1FD65F6200C47047 /* Main.storyboard in Resources */,
			);
			runOnlyForDeploymentPostprocessing = 0;
		};
		63ECD2671FD65F6200C47047 /* Resources */ = {
			isa = PBXResourcesBuildPhase;
			buildActionMask = 2147483647;
			files = (
			);
			runOnlyForDeploymentPostprocessing = 0;
		};
		63ECD2721FD65F6200C47047 /* Resources */ = {
			isa = PBXResourcesBuildPhase;
			buildActionMask = 2147483647;
			files = (
			);
			runOnlyForDeploymentPostprocessing = 0;
		};
/* End PBXResourcesBuildPhase section */

/* Begin PBXSourcesBuildPhase section */
		63ECD2511FD65F6200C47047 /* Sources */ = {
			isa = PBXSourcesBuildPhase;
			buildActionMask = 2147483647;
			files = (
				63ECD25B1FD65F6200C47047 /* ViewController.swift in Sources */,
				63ECD2591FD65F6200C47047 /* AppDelegate.swift in Sources */,
			);
			runOnlyForDeploymentPostprocessing = 0;
		};
		63ECD2651FD65F6200C47047 /* Sources */ = {
			isa = PBXSourcesBuildPhase;
			buildActionMask = 2147483647;
			files = (
				63ECD26E1FD65F6200C47047 /* AR_DrawingTests.swift in Sources */,
			);
			runOnlyForDeploymentPostprocessing = 0;
		};
		63ECD2701FD65F6200C47047 /* Sources */ = {
			isa = PBXSourcesBuildPhase;
			buildActionMask = 2147483647;
			files = (
				63ECD2791FD65F6200C47047 /* AR_DrawingUITests.swift in Sources */,
			);
			runOnlyForDeploymentPostprocessing = 0;
		};
/* End PBXSourcesBuildPhase section */

/* Begin PBXTargetDependency section */
		63ECD26B1FD65F6200C47047 /* PBXTargetDependency */ = {
			isa = PBXTargetDependency;
			target = 63ECD2541FD65F6200C47047 /* AR_Drawing */;
			targetProxy = 63ECD26A1FD65F6200C47047 /* PBXContainerItemProxy */;
		};
		63ECD2761FD65F6200C47047 /* PBXTargetDependency */ = {
			isa = PBXTargetDependency;
			target = 63ECD2541FD65F6200C47047 /* AR_Drawing */;
			targetProxy = 63ECD2751FD65F6200C47047 /* PBXContainerItemProxy */;
		};
/* End PBXTargetDependency section */

/* Begin PBXVariantGroup section */
		63ECD25C1FD65F6200C47047 /* Main.storyboard */ = {
			isa = PBXVariantGroup;
			children = (
				63ECD25D1FD65F6200C47047 /* Base */,
			);
			name = Main.storyboard;
			sourceTree = "<group>";
		};
		63ECD2611FD65F6200C47047 /* LaunchScreen.storyboard */ = {
			isa = PBXVariantGroup;
			children = (
				63ECD2621FD65F6200C47047 /* Base */,
			);
			name = LaunchScreen.storyboard;
			sourceTree = "<group>";
		};
/* End PBXVariantGroup section */

/* Begin XCBuildConfiguration section */
		63ECD27B1FD65F6200C47047 /* Debug */ = {
			isa = XCBuildConfiguration;
			buildSettings = {
				ALWAYS_SEARCH_USER_PATHS = NO;
				CLANG_ANALYZER_NONNULL = YES;
				CLANG_ANALYZER_NUMBER_OBJECT_CONVERSION = YES_AGGRESSIVE;
				CLANG_CXX_LANGUAGE_STANDARD = "gnu++14";
				CLANG_CXX_LIBRARY = "libc++";
				CLANG_ENABLE_MODULES = YES;
				CLANG_ENABLE_OBJC_ARC = YES;
				CLANG_WARN_BLOCK_CAPTURE_AUTORELEASING = YES;
				CLANG_WARN_BOOL_CONVERSION = YES;
				CLANG_WARN_COMMA = YES;
				CLANG_WARN_CONSTANT_CONVERSION = YES;
				CLANG_WARN_DIRECT_OBJC_ISA_USAGE = YES_ERROR;
				CLANG_WARN_DOCUMENTATION_COMMENTS = YES;
				CLANG_WARN_EMPTY_BODY = YES;
				CLANG_WARN_ENUM_CONVERSION = YES;
				CLANG_WARN_INFINITE_RECURSION = YES;
				CLANG_WARN_INT_CONVERSION = YES;
				CLANG_WARN_NON_LITERAL_NULL_CONVERSION = YES;
				CLANG_WARN_OBJC_LITERAL_CONVERSION = YES;
				CLANG_WARN_OBJC_ROOT_CLASS = YES_ERROR;
				CLANG_WARN_RANGE_LOOP_ANALYSIS = YES;
				CLANG_WARN_STRICT_PROTOTYPES = YES;
				CLANG_WARN_SUSPICIOUS_MOVE = YES;
				CLANG_WARN_UNGUARDED_AVAILABILITY = YES_AGGRESSIVE;
				CLANG_WARN_UNREACHABLE_CODE = YES;
				CLANG_WARN__DUPLICATE_METHOD_MATCH = YES;
				CODE_SIGN_IDENTITY = "iPhone Developer";
				COPY_PHASE_STRIP = NO;
				DEBUG_INFORMATION_FORMAT = dwarf;
				ENABLE_STRICT_OBJC_MSGSEND = YES;
				ENABLE_TESTABILITY = YES;
				GCC_C_LANGUAGE_STANDARD = gnu11;
				GCC_DYNAMIC_NO_PIC = NO;
				GCC_NO_COMMON_BLOCKS = YES;
				GCC_OPTIMIZATION_LEVEL = 0;
				GCC_PREPROCESSOR_DEFINITIONS = (
					"DEBUG=1",
					"$(inherited)",
				);
				GCC_WARN_64_TO_32_BIT_CONVERSION = YES;
				GCC_WARN_ABOUT_RETURN_TYPE = YES_ERROR;
				GCC_WARN_UNDECLARED_SELECTOR = YES;
				GCC_WARN_UNINITIALIZED_AUTOS = YES_AGGRESSIVE;
				GCC_WARN_UNUSED_FUNCTION = YES;
				GCC_WARN_UNUSED_VARIABLE = YES;
				IPHONEOS_DEPLOYMENT_TARGET = 11.1;
				MTL_ENABLE_DEBUG_INFO = YES;
				ONLY_ACTIVE_ARCH = YES;
				SDKROOT = iphoneos;
				SWIFT_ACTIVE_COMPILATION_CONDITIONS = DEBUG;
				SWIFT_OPTIMIZATION_LEVEL = "-Onone";
			};
			name = Debug;
		};
		63ECD27C1FD65F6200C47047 /* Release */ = {
			isa = XCBuildConfiguration;
			buildSettings = {
				ALWAYS_SEARCH_USER_PATHS = NO;
				CLANG_ANALYZER_NONNULL = YES;
				CLANG_ANALYZER_NUMBER_OBJECT_CONVERSION = YES_AGGRESSIVE;
				CLANG_CXX_LANGUAGE_STANDARD = "gnu++14";
				CLANG_CXX_LIBRARY = "libc++";
				CLANG_ENABLE_MODULES = YES;
				CLANG_ENABLE_OBJC_ARC = YES;
				CLANG_WARN_BLOCK_CAPTURE_AUTORELEASING = YES;
				CLANG_WARN_BOOL_CONVERSION = YES;
				CLANG_WARN_COMMA = YES;
				CLANG_WARN_CONSTANT_CONVERSION = YES;
				CLANG_WARN_DIRECT_OBJC_ISA_USAGE = YES_ERROR;
				CLANG_WARN_DOCUMENTATION_COMMENTS = YES;
				CLANG_WARN_EMPTY_BODY = YES;
				CLANG_WARN_ENUM_CONVERSION = YES;
				CLANG_WARN_INFINITE_RECURSION = YES;
				CLANG_WARN_INT_CONVERSION = YES;
				CLANG_WARN_NON_LITERAL_NULL_CONVERSION = YES;
				CLANG_WARN_OBJC_LITERAL_CONVERSION = YES;
				CLANG_WARN_OBJC_ROOT_CLASS = YES_ERROR;
				CLANG_WARN_RANGE_LOOP_ANALYSIS = YES;
				CLANG_WARN_STRICT_PROTOTYPES = YES;
				CLANG_WARN_SUSPICIOUS_MOVE = YES;
				CLANG_WARN_UNGUARDED_AVAILABILITY = YES_AGGRESSIVE;
				CLANG_WARN_UNREACHABLE_CODE = YES;
				CLANG_WARN__DUPLICATE_METHOD_MATCH = YES;
				CODE_SIGN_IDENTITY = "iPhone Developer";
				COPY_PHASE_STRIP = NO;
				DEBUG_INFORMATION_FORMAT = "dwarf-with-dsym";
				ENABLE_NS_ASSERTIONS = NO;
				ENABLE_STRICT_OBJC_MSGSEND = YES;
				GCC_C_LANGUAGE_STANDARD = gnu11;
				GCC_NO_COMMON_BLOCKS = YES;
				GCC_WARN_64_TO_32_BIT_CONVERSION = YES;
				GCC_WARN_ABOUT_RETURN_TYPE = YES_ERROR;
				GCC_WARN_UNDECLARED_SELECTOR = YES;
				GCC_WARN_UNINITIALIZED_AUTOS = YES_AGGRESSIVE;
				GCC_WARN_UNUSED_FUNCTION = YES;
				GCC_WARN_UNUSED_VARIABLE = YES;
				IPHONEOS_DEPLOYMENT_TARGET = 11.1;
				MTL_ENABLE_DEBUG_INFO = NO;
				SDKROOT = iphoneos;
				SWIFT_OPTIMIZATION_LEVEL = "-Owholemodule";
				VALIDATE_PRODUCT = YES;
			};
			name = Release;
		};
		63ECD27E1FD65F6200C47047 /* Debug */ = {
			isa = XCBuildConfiguration;
			buildSettings = {
				ASSETCATALOG_COMPILER_APPICON_NAME = AppIcon;
				CODE_SIGN_STYLE = Automatic;
				DEVELOPMENT_TEAM = UV23434MGS;
				INFOPLIST_FILE = AR_Drawing/Info.plist;
				LD_RUNPATH_SEARCH_PATHS = "$(inherited) @executable_path/Frameworks";
				PRODUCT_BUNDLE_IDENTIFIER = "Mau.AR-Drawing";
				PRODUCT_NAME = "$(TARGET_NAME)";
				SWIFT_VERSION = 4.0;
				TARGETED_DEVICE_FAMILY = "1,2";
			};
			name = Debug;
		};
		63ECD27F1FD65F6200C47047 /* Release */ = {
			isa = XCBuildConfiguration;
			buildSettings = {
				ASSETCATALOG_COMPILER_APPICON_NAME = AppIcon;
				CODE_SIGN_STYLE = Automatic;
				DEVELOPMENT_TEAM = UV23434MGS;
				INFOPLIST_FILE = AR_Drawing/Info.plist;
				LD_RUNPATH_SEARCH_PATHS = "$(inherited) @executable_path/Frameworks";
				PRODUCT_BUNDLE_IDENTIFIER = "Mau.AR-Drawing";
				PRODUCT_NAME = "$(TARGET_NAME)";
				SWIFT_VERSION = 4.0;
				TARGETED_DEVICE_FAMILY = "1,2";
			};
			name = Release;
		};
		63ECD2811FD65F6200C47047 /* Debug */ = {
			isa = XCBuildConfiguration;
			buildSettings = {
				ALWAYS_EMBED_SWIFT_STANDARD_LIBRARIES = YES;
				BUNDLE_LOADER = "$(TEST_HOST)";
				CODE_SIGN_STYLE = Automatic;
				DEVELOPMENT_TEAM = UV23434MGS;
				INFOPLIST_FILE = AR_DrawingTests/Info.plist;
				LD_RUNPATH_SEARCH_PATHS = "$(inherited) @executable_path/Frameworks @loader_path/Frameworks";
				PRODUCT_BUNDLE_IDENTIFIER = "Mau.AR-DrawingTests";
				PRODUCT_NAME = "$(TARGET_NAME)";
				SWIFT_VERSION = 4.0;
				TARGETED_DEVICE_FAMILY = "1,2";
				TEST_HOST = "$(BUILT_PRODUCTS_DIR)/AR_Drawing.app/AR_Drawing";
			};
			name = Debug;
		};
		63ECD2821FD65F6200C47047 /* Release */ = {
			isa = XCBuildConfiguration;
			buildSettings = {
				ALWAYS_EMBED_SWIFT_STANDARD_LIBRARIES = YES;
				BUNDLE_LOADER = "$(TEST_HOST)";
				CODE_SIGN_STYLE = Automatic;
				DEVELOPMENT_TEAM = UV23434MGS;
				INFOPLIST_FILE = AR_DrawingTests/Info.plist;
				LD_RUNPATH_SEARCH_PATHS = "$(inherited) @executable_path/Frameworks @loader_path/Frameworks";
				PRODUCT_BUNDLE_IDENTIFIER = "Mau.AR-DrawingTests";
				PRODUCT_NAME = "$(TARGET_NAME)";
				SWIFT_VERSION = 4.0;
				TARGETED_DEVICE_FAMILY = "1,2";
				TEST_HOST = "$(BUILT_PRODUCTS_DIR)/AR_Drawing.app/AR_Drawing";
			};
			name = Release;
		};
		63ECD2841FD65F6200C47047 /* Debug */ = {
			isa = XCBuildConfiguration;
			buildSettings = {
				ALWAYS_EMBED_SWIFT_STANDARD_LIBRARIES = YES;
				CODE_SIGN_STYLE = Automatic;
				DEVELOPMENT_TEAM = UV23434MGS;
				INFOPLIST_FILE = AR_DrawingUITests/Info.plist;
				LD_RUNPATH_SEARCH_PATHS = "$(inherited) @executable_path/Frameworks @loader_path/Frameworks";
				PRODUCT_BUNDLE_IDENTIFIER = "Mau.AR-DrawingUITests";
				PRODUCT_NAME = "$(TARGET_NAME)";
				SWIFT_VERSION = 4.0;
				TARGETED_DEVICE_FAMILY = "1,2";
				TEST_TARGET_NAME = AR_Drawing;
			};
			name = Debug;
		};
		63ECD2851FD65F6200C47047 /* Release */ = {
			isa = XCBuildConfiguration;
			buildSettings = {
				ALWAYS_EMBED_SWIFT_STANDARD_LIBRARIES = YES;
				CODE_SIGN_STYLE = Automatic;
				DEVELOPMENT_TEAM = UV23434MGS;
				INFOPLIST_FILE = AR_DrawingUITests/Info.plist;
				LD_RUNPATH_SEARCH_PATHS = "$(inherited) @executable_path/Frameworks @loader_path/Frameworks";
				PRODUCT_BUNDLE_IDENTIFIER = "Mau.AR-DrawingUITests";
				PRODUCT_NAME = "$(TARGET_NAME)";
				SWIFT_VERSION = 4.0;
				TARGETED_DEVICE_FAMILY = "1,2";
				TEST_TARGET_NAME = AR_Drawing;
			};
			name = Release;
		};
/* End XCBuildConfiguration section */

/* Begin XCConfigurationList section */
		63ECD2501FD65F6200C47047 /* Build configuration list for PBXProject "AR_Drawing" */ = {
			isa = XCConfigurationList;
			buildConfigurations = (
				63ECD27B1FD65F6200C47047 /* Debug */,
				63ECD27C1FD65F6200C47047 /* Release */,
			);
			defaultConfigurationIsVisible = 0;
			defaultConfigurationName = Release;
		};
		63ECD27D1FD65F6200C47047 /* Build configuration list for PBXNativeTarget "AR_Drawing" */ = {
			isa = XCConfigurationList;
			buildConfigurations = (
				63ECD27E1FD65F6200C47047 /* Debug */,
				63ECD27F1FD65F6200C47047 /* Release */,
			);
			defaultConfigurationIsVisible = 0;
			defaultConfigurationName = Release;
		};
		63ECD2801FD65F6200C47047 /* Build configuration list for PBXNativeTarget "AR_DrawingTests" */ = {
			isa = XCConfigurationList;
			buildConfigurations = (
				63ECD2811FD65F6200C47047 /* Debug */,
				63ECD2821FD65F6200C47047 /* Release */,
			);
			defaultConfigurationIsVisible = 0;
			defaultConfigurationName = Release;
		};
		63ECD2831FD65F6200C47047 /* Build configuration list for PBXNativeTarget "AR_DrawingUITests" */ = {
			isa = XCConfigurationList;
			buildConfigurations = (
				63ECD2841FD65F6200C47047 /* Debug */,
				63ECD2851FD65F6200C47047 /* Release */,
			);
			defaultConfigurationIsVisible = 0;
			defaultConfigurationName = Release;
		};
/* End XCConfigurationList section */
	};
	rootObject = 63ECD24D1FD65F6200C47047 /* Project object */;
}
